
Microsoft Visual Studio Solution File, Format Version 12.00
# Visual Studio Version 17
VisualStudioVersion = 17.14.36623.8 d17.14
MinimumVisualStudioVersion = 10.0.40219.1
Project("{FAE04EC0-301F-11D3-BF4B-00C04F79EFBC}") = "HabitMaster", "HabitMaster\HabitMaster.csproj", "{CAA91FFF-F355-4FBE-9FC3-0C030B654DEE}"
EndProject
Global
	GlobalSection(SolutionConfigurationPlatforms) = preSolution
		Debug|Any CPU = Debug|Any CPU
		Release|Any CPU = Release|Any CPU
	EndGlobalSection
	GlobalSection(ProjectConfigurationPlatforms) = postSolution
		{CAA91FFF-F355-4FBE-9FC3-0C030B654DEE}.Debug|Any CPU.ActiveCfg = Debug|Any CPU
		{CAA91FFF-F355-4FBE-9FC3-0C030B654DEE}.Debug|Any CPU.Build.0 = Debug|Any CPU
		{CAA91FFF-F355-4FBE-9FC3-0C030B654DEE}.Release|Any CPU.ActiveCfg = Release|Any CPU
		{CAA91FFF-F355-4FBE-9FC3-0C030B654DEE}.Release|Any CPU.Build.0 = Release|Any CPU
	EndGlobalSection
	GlobalSection(SolutionProperties) = preSolution
		HideSolutionNode = FALSE
	EndGlobalSection
	GlobalSection(ExtensibilityGlobals) = postSolution
		SolutionGuid = {136D17D0-E806-4B6D-A566-E140B9ECD093}
	EndGlobalSection
EndGlobal
